
Microsoft Visual Studio Solution File, Format Version 12.00
# Visual Studio Version 16
VisualStudioVersion = 16.0.31729.503
MinimumVisualStudioVersion = 10.0.40219.1
Project("{FAE04EC0-301F-11D3-BF4B-00C04F79EFBC}") = "ExampleProject", "ExampleProject\ExampleProject.csproj", "{66E7CEB4-0F04-4B3E-965E-29A081B59CD7}"
	ProjectSection(ProjectDependencies) = postProject
		{57DA6F46-D296-464C-BA2C-393B69477FD0} = {57DA6F46-D296-464C-BA2C-393B69477FD0}
		{79BEE74B-7873-4159-8D62-CADAD4E0A250} = {79BEE74B-7873-4159-8D62-CADAD4E0A250}
		{640F92E4-F372-4291-A9DD-D7DF883811E8} = {640F92E4-F372-4291-A9DD-D7DF883811E8}
	EndProjectSection
EndProject
Project("{FAE04EC0-301F-11D3-BF4B-00C04F79EFBC}") = "BusinessLayer", "BusinessLayer\BusinessLayer.csproj", "{79BEE74B-7873-4159-8D62-CADAD4E0A250}"
	ProjectSection(ProjectDependencies) = postProject
		{57DA6F46-D296-464C-BA2C-393B69477FD0} = {57DA6F46-D296-464C-BA2C-393B69477FD0}
		{640F92E4-F372-4291-A9DD-D7DF883811E8} = {640F92E4-F372-4291-A9DD-D7DF883811E8}
	EndProjectSection
EndProject
Project("{FAE04EC0-301F-11D3-BF4B-00C04F79EFBC}") = "DataAccessLayer", "DataAccessLayer\DataAccessLayer.csproj", "{57DA6F46-D296-464C-BA2C-393B69477FD0}"
	ProjectSection(ProjectDependencies) = postProject
		{640F92E4-F372-4291-A9DD-D7DF883811E8} = {640F92E4-F372-4291-A9DD-D7DF883811E8}
	EndProjectSection
EndProject
Project("{FAE04EC0-301F-11D3-BF4B-00C04F79EFBC}") = "EntityLayer", "EntityLayer\EntityLayer.csproj", "{640F92E4-F372-4291-A9DD-D7DF883811E8}"
EndProject
Global
	GlobalSection(SolutionConfigurationPlatforms) = preSolution
		Debug|Any CPU = Debug|Any CPU
		Release|Any CPU = Release|Any CPU
	EndGlobalSection
	GlobalSection(ProjectConfigurationPlatforms) = postSolution
		{66E7CEB4-0F04-4B3E-965E-29A081B59CD7}.Debug|Any CPU.ActiveCfg = Debug|Any CPU
		{66E7CEB4-0F04-4B3E-965E-29A081B59CD7}.Debug|Any CPU.Build.0 = Debug|Any CPU
		{66E7CEB4-0F04-4B3E-965E-29A081B59CD7}.Release|Any CPU.ActiveCfg = Release|Any CPU
		{66E7CEB4-0F04-4B3E-965E-29A081B59CD7}.Release|Any CPU.Build.0 = Release|Any CPU
		{79BEE74B-7873-4159-8D62-CADAD4E0A250}.Debug|Any CPU.ActiveCfg = Debug|Any CPU
		{79BEE74B-7873-4159-8D62-CADAD4E0A250}.Debug|Any CPU.Build.0 = Debug|Any CPU
		{79BEE74B-7873-4159-8D62-CADAD4E0A250}.Release|Any CPU.ActiveCfg = Release|Any CPU
		{79BEE74B-7873-4159-8D62-CADAD4E0A250}.Release|Any CPU.Build.0 = Release|Any CPU
		{57DA6F46-D296-464C-BA2C-393B69477FD0}.Debug|Any CPU.ActiveCfg = Debug|Any CPU
		{57DA6F46-D296-464C-BA2C-393B69477FD0}.Debug|Any CPU.Build.0 = Debug|Any CPU
		{57DA6F46-D296-464C-BA2C-393B69477FD0}.Release|Any CPU.ActiveCfg = Release|Any CPU
		{57DA6F46-D296-464C-BA2C-393B69477FD0}.Release|Any CPU.Build.0 = Release|Any CPU
		{640F92E4-F372-4291-A9DD-D7DF883811E8}.Debug|Any CPU.ActiveCfg = Debug|Any CPU
		{640F92E4-F372-4291-A9DD-D7DF883811E8}.Debug|Any CPU.Build.0 = Debug|Any CPU
		{640F92E4-F372-4291-A9DD-D7DF883811E8}.Release|Any CPU.ActiveCfg = Release|Any CPU
		{640F92E4-F372-4291-A9DD-D7DF883811E8}.Release|Any CPU.Build.0 = Release|Any CPU
	EndGlobalSection
	GlobalSection(SolutionProperties) = preSolution
		HideSolutionNode = FALSE
	EndGlobalSection
	GlobalSection(ExtensibilityGlobals) = postSolution
		SolutionGuid = {C1B22EE7-CC3A-425E-A71E-B74D3BB2CCDB}
	EndGlobalSection
EndGlobal
